
Microsoft Visual Studio Solution File, Format Version 12.00
# Visual Studio Version 17
VisualStudioVersion = 17.0.31912.275
MinimumVisualStudioVersion = 10.0.40219.1
Project("{FAE04EC0-301F-11D3-BF4B-00C04F79EFBC}") = "ExempluPanel", "ExempluPanel\ExempluPanel.csproj", "{7EBB4950-A135-4239-B6FF-F623FDFA9A96}"
EndProject
Global
	GlobalSection(SolutionConfigurationPlatforms) = preSolution
		Debug|Any CPU = Debug|Any CPU
		Release|Any CPU = Release|Any CPU
	EndGlobalSection
	GlobalSection(ProjectConfigurationPlatforms) = postSolution
		{7EBB4950-A135-4239-B6FF-F623FDFA9A96}.Debug|Any CPU.ActiveCfg = Debug|Any CPU
		{7EBB4950-A135-4239-B6FF-F623FDFA9A96}.Debug|Any CPU.Build.0 = Debug|Any CPU
		{7EBB4950-A135-4239-B6FF-F623FDFA9A96}.Release|Any CPU.ActiveCfg = Release|Any CPU
		{7EBB4950-A135-4239-B6FF-F623FDFA9A96}.Release|Any CPU.Build.0 = Release|Any CPU
	EndGlobalSection
	GlobalSection(SolutionProperties) = preSolution
		HideSolutionNode = FALSE
	EndGlobalSection
	GlobalSection(ExtensibilityGlobals) = postSolution
		SolutionGuid = {29A97C9C-597D-4CAC-8112-F92913EC3AE5}
	EndGlobalSection
EndGlobal
